github.com/davecgh/go-spew v1.1.1 h1:vj9j/u1bqnvCEfJOwUhtlOARqs3+rkHYY13jYWTU97c=
github.com/davecgh/go-spew v1.1.1/go.mod h1:J7Y8YcW2NihsgmVo/mv3lAwl/skON4iLHjSsI+c5H38=
github.com/deemount/gobpmnBuilder v0.1.0-beta.2 h1:H/PDzHICwhE1eWdtyFtun1dR2MsCDAg0dgpjNIYAdag=
github.com/deemount/gobpmnBuilder v0.1.0-beta.2/go.mod h1:iJN4bMeM2N73gWvFDwlnfZzW7m9XvUAayIbGjwsqHrA=
github.com/deemount/gobpmnCounter v0.0.0-20240323202826-3c9d89d57209 h1:OQrfNyNXTkQ3zZp2gMHmXcAVViQ+PBvh8XXZVdwyoaM=
github.com/deemount/gobpmnCounter v0.0.0-20240323202826-3c9d89d57209/go.mod h1:2jTn+2u8LJPvBGfoYh+ac+Eme1v3kroTLpLPfQ3InsA=
github.com/deemount/gobpmnHash v0.1.0-alpha h1:8v5cZ+y8J0JZ48RupspRGqB174M/GWSt1Q6USaK1jpA=
github.com/deemount/gobpmnHash v0.1.0-alpha/go.mod h1:d8ZVr62VoniJ2FaJjevsFYEHAW+XcWsP/8DjQr+g7d0=
github.com/deemount/gobpmnHash v0.1.0-alpha.0.20240610100945-74d052d5433c h1:wL9efVw7DFQ12aL0ehaZYr4VAoE9GnobIUNflr0IZLo=
github.com/deemount/gobpmnHash v0.1.0-alpha.0.20240610100945-74d052d5433c/go.mod h1:2xXEVwcq9jKE/zCO05G+WCthxW8b8THxJbEsqxbujY8=
github.com/deemount/gobpmnHash v0.1.0-alpha.0.20240612143424-00eaa9aa85a0 h1:0IEv81/gkyzfM5pVSYbMKaw8/4gyL2w3AHctkWV1iw4=
github.com/deemount/gobpmnHash v0.1.0-alpha.0.20240612143424-00eaa9aa85a0/go.mod h1:2xXEVwcq9jKE/zCO05G+WCthxW8b8THxJbEsqxbujY8=
github.com/deemount/gobpmnModels v0.1.0-alpha h1:aTCXgGCCnRVFp/C5O95xg7b1GJCe52JO0RiAaG3vFF8=
github.com/deemount/gobpmnModels v0.1.0-alpha/go.mod h1:psIZNoJzYgNAsqUpDDkVPIGCZ0tTbsXBcHAD4Tbk/3o=
github.com/deemount/gobpmnModels v0.1.0-alpha.0.20240621154555-dfa258a1b92b h1:Mx3vn6SSJ7rggi8z6LbNS7vQw2G9Lpjyzhkz1xle3lo=
github.com/deemount/gobpmnModels v0.1.0-alpha.0.20240621154555-dfa258a1b92b/go.mod h1:8PXgj3Tmg6cH67lnYKtfyuqN6erBDEwpSkDHaLkfuAI=
github.com/deemount/gobpmnReader v0.0.0-20240405152745-c25028ddda82 h1:X2W5Y/jebRGrYlYm7VGUBt2pkdnbFd0vsJHSX5AxjII=
github.com/deemount/gobpmnReader v0.0.0-20240405152745-c25028ddda82/go.mod h1:3iE9fUe8Ga+7eCFg7GmN2mCNlaN7uy6wqBQk5GLxMsk=
github.com/deemount/gobpmnReflection v0.0.0-20240323202924-de2a09a92ecf h1:4V/wr14oWWL3r/LasPPlVTAfu38rP7dTevD8X85A4Bg=
github.com/deemount/gobpmnReflection v0.0.0-20240323202924-de2a09a92ecf/go.mod h1:i6Xabl5o2f8D32+IirY4bcPTsGRmCVxZM2DHOVtn9Do=
github.com/deemount/gobpmnTypes v0.1.0-alpha h1:pbpwLz4iAUssO4ECJvqoU3JUF9dKsHL9x5ylMwrOtJs=
github.com/deemount/gobpmnTypes v0.1.0-alpha/go.mod h1:mXV5BK6Z0dIPHpEE6PGpvtfN9/ggcYJOWaGlgTd+FPY=
github.com/pmezard/go-difflib v1.0.0 h1:4DBwDE0NGyQoBHbLQYPwSUPoCMWR5BEzIk/f1lZbAQM=
github.com/pmezard/go-difflib v1.0.0/go.mod h1:iKH77koFhYxTK1pcRnkKkqfTogsbg7gZNVY4sRDYZ/4=
github.com/stretchr/testify v1.9.0 h1:HtqpIVDClZ4nwg75+f6Lvsy/wHu+3BoSGCbBAcpTsTg=
github.com/stretchr/testify v1.9.0/go.mod h1:r2ic/lqez/lEtzL7wO/rwa5dbSLXVDPFyf8C91i36aY=
gopkg.in/yaml.v3 v3.0.1 h1:fxVm/GzAzEWqLHuvctI91KS9hhNmmWOoWu0XTYJS7CA=
gopkg.in/yaml.v3 v3.0.1/go.mod h1:K4uyk7z7BCEPqu6E+C64Yfv1cQ7kz7rIZviUmN+EgEM=
