github.com/deemount/gobpmnHash v0.0.0-20240311092852-2db832354fff h1:vgmn7mlmreLOt53SUtSgmj8OgSmIGVncPECVfu9w1eE=
github.com/deemount/gobpmnHash v0.0.0-20240311092852-2db832354fff/go.mod h1:fjQY0E3waSwQ4Nkdzjw++0iPbqtjjNaAruFouTQUID8=
github.com/deemount/gobpmnModels v0.0.0-20240229105207-e3c75acd45e8 h1:cJvfj3LECefB1EfWzKMuVsXsU7f/t3HDdJQOMO5jDpA=
github.com/deemount/gobpmnModels v0.0.0-20240229105207-e3c75acd45e8/go.mod h1:8HkFs9SEoVS0iCV/f6arOQesRWxSnjSO6m4e5Bk1S04=
github.com/deemount/gobpmnReflection v0.0.0-20240311195407-66268668805a h1:NSd968TGgWy0m8tPU+nxPzzWHkWpnGU1Hk9bHDJ/yhs=
github.com/deemount/gobpmnReflection v0.0.0-20240311195407-66268668805a/go.mod h1:NhbSOQE5lfqYvNkZXsm6xWTq3Wpy5xBPaERNqM/0OgI=
github.com/deemount/gobpmnTypes v0.0.0-20240227112313-baaf4eb67ae2 h1:MvB1cKRrWKZYxYGpP13+zS5w40iiZNEExVr6ajUdBig=
github.com/deemount/gobpmnTypes v0.0.0-20240227112313-baaf4eb67ae2/go.mod h1:Dw7Jo8/vr0DzNHNMnbwQu0JSMWm2klNdo00rcxHCzJs=
