github.com/deemount/gobpmnCounter v0.0.0-20240311093643-faa8147cf6cd h1:ceX1ewM/s+ls13GP+bwsIJbmIByn4rRok7dW5DsuOAQ=
github.com/deemount/gobpmnCounter v0.0.0-20240311093643-faa8147cf6cd/go.mod h1:BZWYBMwXk5T2YXY4fhEVoPAMrXwgIuhAO+Js4IKGfBM=
github.com/deemount/gobpmnHash v0.0.0-20240312090822-a82bac1ab9a1 h1:Oont56CJnnYT3WG5AyNueYfICQKrcMGWn+2yBxhgkGE=
github.com/deemount/gobpmnHash v0.0.0-20240312090822-a82bac1ab9a1/go.mod h1:OXXe8NaxMtfeDVH2/IgpYSJPm2TnzGbQnl1tzClGwLs=
github.com/deemount/gobpmnModels v0.0.0-20240311093948-b01f02056cfd h1:oIgofljbjfA5zD4oVriqu6Asp0BOToPwf8G0MNmFleM=
github.com/deemount/gobpmnModels v0.0.0-20240311093948-b01f02056cfd/go.mod h1:8HkFs9SEoVS0iCV/f6arOQesRWxSnjSO6m4e5Bk1S04=
github.com/deemount/gobpmnReflection v0.0.0-20240312080001-0601dc0824b6 h1:ZRHog+R0LurHMet3bliWHEUDM4z6mTe7j/eVGocMyrs=
github.com/deemount/gobpmnReflection v0.0.0-20240312080001-0601dc0824b6/go.mod h1:j8WCmdzEkTq/FVsWJAdoPtjTiRryLZp/WjOLcIqtt5c=
github.com/deemount/gobpmnTypes v0.0.0-20240311093047-4625a7520eed h1:/mgi7QZhEXWgyTDig3smB/jcvo6WR3idgZx0ugzcMcc=
github.com/deemount/gobpmnTypes v0.0.0-20240311093047-4625a7520eed/go.mod h1:Dw7Jo8/vr0DzNHNMnbwQu0JSMWm2klNdo00rcxHCzJs=
