github.com/davecgh/go-spew v1.1.1 h1:vj9j/u1bqnvCEfJOwUhtlOARqs3+rkHYY13jYWTU97c=
github.com/davecgh/go-spew v1.1.1/go.mod h1:J7Y8YcW2NihsgmVo/mv3lAwl/skON4iLHjSsI+c5H38=
github.com/deemount/gobpmnBuilder v0.0.0-20240321090245-2fa1a1fa22cf h1:5Rc2e6PwNHx0x1eGj0XI6slv7oCXBhAEY0nw71Ej1LA=
github.com/deemount/gobpmnBuilder v0.0.0-20240321090245-2fa1a1fa22cf/go.mod h1:YzOrtQ/f7YVpvY4qQYXeOvepn9hZWheOzX0D151/HS0=
github.com/deemount/gobpmnBuilder v0.0.0-20240321142454-0147f5b2e458 h1:ivCaoujh6R8oI+HoetleN0Q+MqCtg/EpzLMDKg1RT50=
github.com/deemount/gobpmnBuilder v0.0.0-20240321142454-0147f5b2e458/go.mod h1:YzOrtQ/f7YVpvY4qQYXeOvepn9hZWheOzX0D151/HS0=
github.com/deemount/gobpmnBuilder v0.1.0-alpha h1:VuL2H7H1jYbNCrYIFYoZMTCylciFPbvxUN4zyweZYqg=
github.com/deemount/gobpmnBuilder v0.1.0-alpha/go.mod h1:YzOrtQ/f7YVpvY4qQYXeOvepn9hZWheOzX0D151/HS0=
github.com/deemount/gobpmnBuilder v0.1.0-beta.1 h1:9wAXk0iNA9x9pC/kie6/MfE3sn/pJ49GrRxJjgT0MIM=
github.com/deemount/gobpmnBuilder v0.1.0-beta.1/go.mod h1:iJN4bMeM2N73gWvFDwlnfZzW7m9XvUAayIbGjwsqHrA=
github.com/deemount/gobpmnCounter v0.0.0-20240312102840-227373d7f040 h1:vMsKGBWBsdy2UEDaOO+yCG4RLjYVyoLNARopS8o1/XM=
github.com/deemount/gobpmnCounter v0.0.0-20240312102840-227373d7f040/go.mod h1:gtlVIb4tlWVLxCZmme7ORdXFpbeVajRXKCI4KtaQ0l0=
github.com/deemount/gobpmnCounter v0.0.0-20240322121135-1d4a39f6e7a4 h1:8B8HGwDFzpGuJgrhd3j1ega6xG1WtqA9+b75t70BojQ=
github.com/deemount/gobpmnCounter v0.0.0-20240322121135-1d4a39f6e7a4/go.mod h1:TKfPvt0ddheKCfv1DM1nI0jdhMbs7uHddQ8l8qxhYtU=
github.com/deemount/gobpmnCounter v0.0.0-20240323202826-3c9d89d57209 h1:OQrfNyNXTkQ3zZp2gMHmXcAVViQ+PBvh8XXZVdwyoaM=
github.com/deemount/gobpmnCounter v0.0.0-20240323202826-3c9d89d57209/go.mod h1:2jTn+2u8LJPvBGfoYh+ac+Eme1v3kroTLpLPfQ3InsA=
github.com/deemount/gobpmnHash v0.1.0-alpha h1:8v5cZ+y8J0JZ48RupspRGqB174M/GWSt1Q6USaK1jpA=
github.com/deemount/gobpmnHash v0.1.0-alpha/go.mod h1:d8ZVr62VoniJ2FaJjevsFYEHAW+XcWsP/8DjQr+g7d0=
github.com/deemount/gobpmnModels v0.0.0-20240316085912-7831ff39ffa4 h1:xAqg4ZIeMDxME0O8O4UpwpcS3AeXB+3IspauNX2G2AA=
github.com/deemount/gobpmnModels v0.0.0-20240316085912-7831ff39ffa4/go.mod h1:bv2zkkqCzzaGV5gYP3gDQfMXuqjxMBjSl9GjHFo2mY8=
github.com/deemount/gobpmnModels v0.0.0-20240323202113-62f23350e68e h1:YOUPd7R1qRy35g30d7j8j4oZB2O4BYZmsLBSYM/wiCo=
github.com/deemount/gobpmnModels v0.0.0-20240323202113-62f23350e68e/go.mod h1:heUauQw1Am5twPG32FQVdr6fFtfLE8wNkADX44YFSXA=
github.com/deemount/gobpmnReflection v0.0.0-20240315112013-036495e4c08d h1:yQY4ikw/HuvVlPu3hGc0X8gntQnSbLqMnUw/nHRRCKU=
github.com/deemount/gobpmnReflection v0.0.0-20240315112013-036495e4c08d/go.mod h1:j8WCmdzEkTq/FVsWJAdoPtjTiRryLZp/WjOLcIqtt5c=
github.com/deemount/gobpmnReflection v0.0.0-20240323202924-de2a09a92ecf h1:4V/wr14oWWL3r/LasPPlVTAfu38rP7dTevD8X85A4Bg=
github.com/deemount/gobpmnReflection v0.0.0-20240323202924-de2a09a92ecf/go.mod h1:i6Xabl5o2f8D32+IirY4bcPTsGRmCVxZM2DHOVtn9Do=
github.com/deemount/gobpmnTypes v0.0.0-20240315111519-43046016ad9f h1:0gux6KtY8XgrN/L9tiZ7B+wx3th7x4hBYu1+wtUkHYY=
github.com/deemount/gobpmnTypes v0.0.0-20240315111519-43046016ad9f/go.mod h1:Dw7Jo8/vr0DzNHNMnbwQu0JSMWm2klNdo00rcxHCzJs=
github.com/deemount/gobpmnTypes v0.0.0-20240323202946-75faa584e156 h1:4Y7RvcdZt9q/+a27peeqC4zNOTG3TjqXpDhsG6JOkqw=
github.com/deemount/gobpmnTypes v0.0.0-20240323202946-75faa584e156/go.mod h1:mXV5BK6Z0dIPHpEE6PGpvtfN9/ggcYJOWaGlgTd+FPY=
github.com/pmezard/go-difflib v1.0.0 h1:4DBwDE0NGyQoBHbLQYPwSUPoCMWR5BEzIk/f1lZbAQM=
github.com/pmezard/go-difflib v1.0.0/go.mod h1:iKH77koFhYxTK1pcRnkKkqfTogsbg7gZNVY4sRDYZ/4=
github.com/stretchr/testify v1.9.0 h1:HtqpIVDClZ4nwg75+f6Lvsy/wHu+3BoSGCbBAcpTsTg=
github.com/stretchr/testify v1.9.0/go.mod h1:r2ic/lqez/lEtzL7wO/rwa5dbSLXVDPFyf8C91i36aY=
gopkg.in/yaml.v3 v3.0.1 h1:fxVm/GzAzEWqLHuvctI91KS9hhNmmWOoWu0XTYJS7CA=
gopkg.in/yaml.v3 v3.0.1/go.mod h1:K4uyk7z7BCEPqu6E+C64Yfv1cQ7kz7rIZviUmN+EgEM=
