github.com/deemount/gobpmnBuilder v0.0.0-20240315111814-b114d4d799fd h1:3Nc+mG2HNhD4P0gLddMKEx99BXRIAUS2+vQyfixDJ3I=
github.com/deemount/gobpmnBuilder v0.0.0-20240315111814-b114d4d799fd/go.mod h1:MpiuQyv295osxKuA/Jnu8Xq5zURvlLqYG1kUzj29Fnk=
github.com/deemount/gobpmnCounter v0.0.0-20240312102840-227373d7f040 h1:vMsKGBWBsdy2UEDaOO+yCG4RLjYVyoLNARopS8o1/XM=
github.com/deemount/gobpmnCounter v0.0.0-20240312102840-227373d7f040/go.mod h1:gtlVIb4tlWVLxCZmme7ORdXFpbeVajRXKCI4KtaQ0l0=
github.com/deemount/gobpmnHash v0.0.0-20240315111928-57ec04ea2163 h1:5Tw5ltCBflq+1nSMYZzq6F6fHrjRCZG5BAK6I0eukQg=
github.com/deemount/gobpmnHash v0.0.0-20240315111928-57ec04ea2163/go.mod h1:OXXe8NaxMtfeDVH2/IgpYSJPm2TnzGbQnl1tzClGwLs=
github.com/deemount/gobpmnModels v0.0.0-20240315195348-76e2d8110fe8 h1:GIBwEU2hQIfXphDxI6Anv3dwO4Iorp6EFMRgTFIZ3Co=
github.com/deemount/gobpmnModels v0.0.0-20240315195348-76e2d8110fe8/go.mod h1:bv2zkkqCzzaGV5gYP3gDQfMXuqjxMBjSl9GjHFo2mY8=
github.com/deemount/gobpmnReflection v0.0.0-20240312080001-0601dc0824b6 h1:ZRHog+R0LurHMet3bliWHEUDM4z6mTe7j/eVGocMyrs=
github.com/deemount/gobpmnReflection v0.0.0-20240312080001-0601dc0824b6/go.mod h1:j8WCmdzEkTq/FVsWJAdoPtjTiRryLZp/WjOLcIqtt5c=
github.com/deemount/gobpmnTypes v0.0.0-20240315111519-43046016ad9f h1:0gux6KtY8XgrN/L9tiZ7B+wx3th7x4hBYu1+wtUkHYY=
github.com/deemount/gobpmnTypes v0.0.0-20240315111519-43046016ad9f/go.mod h1:Dw7Jo8/vr0DzNHNMnbwQu0JSMWm2klNdo00rcxHCzJs=
