github.com/davecgh/go-spew v1.1.1 h1:vj9j/u1bqnvCEfJOwUhtlOARqs3+rkHYY13jYWTU97c=
github.com/davecgh/go-spew v1.1.1/go.mod h1:J7Y8YcW2NihsgmVo/mv3lAwl/skON4iLHjSsI+c5H38=
github.com/deemount/gobpmnBuilder v0.0.0-20240320174256-c67c6764aa93 h1:Uc3vdg67CuSfeCza7RSelJCpIDtZ7kNR0kpnttmWo3Q=
github.com/deemount/gobpmnBuilder v0.0.0-20240320174256-c67c6764aa93/go.mod h1:YzOrtQ/f7YVpvY4qQYXeOvepn9hZWheOzX0D151/HS0=
github.com/deemount/gobpmnCounter v0.0.0-20240312102840-227373d7f040 h1:vMsKGBWBsdy2UEDaOO+yCG4RLjYVyoLNARopS8o1/XM=
github.com/deemount/gobpmnCounter v0.0.0-20240312102840-227373d7f040/go.mod h1:gtlVIb4tlWVLxCZmme7ORdXFpbeVajRXKCI4KtaQ0l0=
github.com/deemount/gobpmnHash v0.1.0-alpha h1:8v5cZ+y8J0JZ48RupspRGqB174M/GWSt1Q6USaK1jpA=
github.com/deemount/gobpmnHash v0.1.0-alpha/go.mod h1:d8ZVr62VoniJ2FaJjevsFYEHAW+XcWsP/8DjQr+g7d0=
github.com/deemount/gobpmnModels v0.0.0-20240316085912-7831ff39ffa4 h1:xAqg4ZIeMDxME0O8O4UpwpcS3AeXB+3IspauNX2G2AA=
github.com/deemount/gobpmnModels v0.0.0-20240316085912-7831ff39ffa4/go.mod h1:bv2zkkqCzzaGV5gYP3gDQfMXuqjxMBjSl9GjHFo2mY8=
github.com/deemount/gobpmnReflection v0.0.0-20240315112013-036495e4c08d h1:yQY4ikw/HuvVlPu3hGc0X8gntQnSbLqMnUw/nHRRCKU=
github.com/deemount/gobpmnReflection v0.0.0-20240315112013-036495e4c08d/go.mod h1:j8WCmdzEkTq/FVsWJAdoPtjTiRryLZp/WjOLcIqtt5c=
github.com/deemount/gobpmnTypes v0.0.0-20240315111519-43046016ad9f h1:0gux6KtY8XgrN/L9tiZ7B+wx3th7x4hBYu1+wtUkHYY=
github.com/deemount/gobpmnTypes v0.0.0-20240315111519-43046016ad9f/go.mod h1:Dw7Jo8/vr0DzNHNMnbwQu0JSMWm2klNdo00rcxHCzJs=
github.com/pmezard/go-difflib v1.0.0 h1:4DBwDE0NGyQoBHbLQYPwSUPoCMWR5BEzIk/f1lZbAQM=
github.com/pmezard/go-difflib v1.0.0/go.mod h1:iKH77koFhYxTK1pcRnkKkqfTogsbg7gZNVY4sRDYZ/4=
github.com/stretchr/objx v0.5.2 h1:xuMeJ0Sdp5ZMRXx/aWO6RZxdr3beISkG5/G/aIRr3pY=
github.com/stretchr/objx v0.5.2/go.mod h1:FRsXN1f5AsAjCGJKqEizvkpNtU+EGNCLh3NxZ/8L+MA=
github.com/stretchr/testify v1.9.0 h1:HtqpIVDClZ4nwg75+f6Lvsy/wHu+3BoSGCbBAcpTsTg=
github.com/stretchr/testify v1.9.0/go.mod h1:r2ic/lqez/lEtzL7wO/rwa5dbSLXVDPFyf8C91i36aY=
gopkg.in/yaml.v3 v3.0.1 h1:fxVm/GzAzEWqLHuvctI91KS9hhNmmWOoWu0XTYJS7CA=
gopkg.in/yaml.v3 v3.0.1/go.mod h1:K4uyk7z7BCEPqu6E+C64Yfv1cQ7kz7rIZviUmN+EgEM=
